// !$*UTF8*$!
{
	archiveVersion = 1;
	classes = {
	};
	objectVersion = 77;
	objects = {

/* Begin PBXBuildFile section */
		130B2010DEE69801983588C6 /* LexJoltApp in Frameworks */ = {isa = PBXBuildFile; productRef = 6358E02AFFCEEB37D65418FF /* LexJoltApp */; };
		350A3428DCEBF99710BEF292 /* LaunchScreen.storyboard in Resources */ = {isa = PBXBuildFile; fileRef = 0F10CCC9917CFB4105D361B1 /* LaunchScreen.storyboard */; };
		41F3BC532486FF78FBB3A19E /* Assets.xcassets in Resources */ = {isa = PBXBuildFile; fileRef = 9C1C1388B3159B5FBAC14A80 /* Assets.xcassets */; };
		5E5D46D5DAB791F36815D127 /* LexJoltApp in Frameworks */ = {isa = PBXBuildFile; productRef = C492A473BBEEAC5F225EEB34 /* LexJoltApp */; };
		6C955BACC1F963E9B306C495 /* LexJoltTVApp.swift in Sources */ = {isa = PBXBuildFile; fileRef = 629A20E2B6AB2A7D26C603CB /* LexJoltTVApp.swift */; };
		76F19324B38B47FAB516512B /* PrivacyInfo.xcprivacy in Resources */ = {isa = PBXBuildFile; fileRef = EDA7024FB8085B05685FF315 /* PrivacyInfo.xcprivacy */; };
		9FBCDCBB2035C91C68E010C1 /* LexJoltApp in Frameworks */ = {isa = PBXBuildFile; productRef = 38C7990F43565C76B6FC2754 /* LexJoltApp */; };
		ACE5A583026BAC0C447CADE1 /* LexJoltVisionApp.swift in Sources */ = {isa = PBXBuildFile; fileRef = 5FDFED36AFE5128D8BD4FD92 /* LexJoltVisionApp.swift */; };
		AEDFB23CF4C75BA9B59FE11F /* LexJoltApp in Frameworks */ = {isa = PBXBuildFile; productRef = 09E47C3948E82F7EC588B2AA /* LexJoltApp */; };
		BFC0820D84DBFB264E3D704F /* LexJoltWatchApp.swift in Sources */ = {isa = PBXBuildFile; fileRef = 710865ABDEE935EB42C38870 /* LexJoltWatchApp.swift */; };
		DA74EE8330625BE61BC0417E /* LexJoltApp in Frameworks */ = {isa = PBXBuildFile; productRef = 39A63E782CE2DA2122A12E2C /* LexJoltApp */; };
		DD64C0C48B9EB3449A9AA298 /* Assets.xcassets in Resources */ = {isa = PBXBuildFile; fileRef = D01BC6ECB59DEFBF408C57DC /* Assets.xcassets */; };
		DEB2089CF2393787B92FC39C /* LexJoltMacApp.swift in Sources */ = {isa = PBXBuildFile; fileRef = 30C675D6FCFA47723204F56C /* LexJoltMacApp.swift */; };
		E98E87C68AF12289CC162940 /* LexJoltiOSApp.swift in Sources */ = {isa = PBXBuildFile; fileRef = 76F456B8A25DE2708F5FF31F /* LexJoltiOSApp.swift */; };
/* End PBXBuildFile section */

/* Begin PBXFileReference section */
		03E7CBD74B079B70841A3A72 /* LexJoltVision.app */ = {isa = PBXFileReference; includeInIndex = 0; lastKnownFileType = wrapper.application; path = LexJoltVision.app; sourceTree = BUILT_PRODUCTS_DIR; };
		0F10CCC9917CFB4105D361B1 /* LaunchScreen.storyboard */ = {isa = PBXFileReference; lastKnownFileType = file.storyboard; path = LaunchScreen.storyboard; sourceTree = "<group>"; };
		30C675D6FCFA47723204F56C /* LexJoltMacApp.swift */ = {isa = PBXFileReference; lastKnownFileType = sourcecode.swift; path = LexJoltMacApp.swift; sourceTree = "<group>"; };
		433FA8B9FCA9717386146279 /* LexJoltTV.app */ = {isa = PBXFileReference; includeInIndex = 0; lastKnownFileType = wrapper.application; path = LexJoltTV.app; sourceTree = BUILT_PRODUCTS_DIR; };
		5FDFED36AFE5128D8BD4FD92 /* LexJoltVisionApp.swift */ = {isa = PBXFileReference; lastKnownFileType = sourcecode.swift; path = LexJoltVisionApp.swift; sourceTree = "<group>"; };
		629A20E2B6AB2A7D26C603CB /* LexJoltTVApp.swift */ = {isa = PBXFileReference; lastKnownFileType = sourcecode.swift; path = LexJoltTVApp.swift; sourceTree = "<group>"; };
		710865ABDEE935EB42C38870 /* LexJoltWatchApp.swift */ = {isa = PBXFileReference; lastKnownFileType = sourcecode.swift; path = LexJoltWatchApp.swift; sourceTree = "<group>"; };
		76F456B8A25DE2708F5FF31F /* LexJoltiOSApp.swift */ = {isa = PBXFileReference; lastKnownFileType = sourcecode.swift; path = LexJoltiOSApp.swift; sourceTree = "<group>"; };
		8C1581CC41D639B5D3860129 /* LexJoltMac.app */ = {isa = PBXFileReference; explicitFileType = wrapper.application; includeInIndex = 0; path = LexJoltMac.app; sourceTree = BUILT_PRODUCTS_DIR; };
		9C1C1388B3159B5FBAC14A80 /* Assets.xcassets */ = {isa = PBXFileReference; lastKnownFileType = folder.assetcatalog; path = Assets.xcassets; sourceTree = "<group>"; };
		BAF84B474DC6C98EC817B9C0 /* LexJoltApp */ = {isa = PBXFileReference; lastKnownFileType = folder; name = LexJoltApp; path = ../LexJoltApp; sourceTree = SOURCE_ROOT; };
		D01BC6ECB59DEFBF408C57DC /* Assets.xcassets */ = {isa = PBXFileReference; lastKnownFileType = folder.assetcatalog; path = Assets.xcassets; sourceTree = "<group>"; };
		DFF99501E7261453FBC4CD36 /* LexJoltWatch.app */ = {isa = PBXFileReference; explicitFileType = wrapper.application; includeInIndex = 0; path = LexJoltWatch.app; sourceTree = BUILT_PRODUCTS_DIR; };
		EDA7024FB8085B05685FF315 /* PrivacyInfo.xcprivacy */ = {isa = PBXFileReference; path = PrivacyInfo.xcprivacy; sourceTree = "<group>"; };
		FC500C14D5203451EADF9214 /* LexJoltiOS.app */ = {isa = PBXFileReference; includeInIndex = 0; lastKnownFileType = wrapper.application; path = LexJoltiOS.app; sourceTree = BUILT_PRODUCTS_DIR; };
/* End PBXFileReference section */

/* Begin PBXFrameworksBuildPhase section */
		5719AC15A51E755D14B4EECB /* Frameworks */ = {
			isa = PBXFrameworksBuildPhase;
			buildActionMask = 2147483647;
			files = (
				5E5D46D5DAB791F36815D127 /* LexJoltApp in Frameworks */,
			);
			runOnlyForDeploymentPostprocessing = 0;
		};
		ADB64A2CA1D4EE0AFFD3C387 /* Frameworks */ = {
			isa = PBXFrameworksBuildPhase;
			buildActionMask = 2147483647;
			files = (
				130B2010DEE69801983588C6 /* LexJoltApp in Frameworks */,
			);
			runOnlyForDeploymentPostprocessing = 0;
		};
		CBEB0EC892213939AFEDE82F /* Frameworks */ = {
			isa = PBXFrameworksBuildPhase;
			buildActionMask = 2147483647;
			files = (
				DA74EE8330625BE61BC0417E /* LexJoltApp in Frameworks */,
			);
			runOnlyForDeploymentPostprocessing = 0;
		};
		D4AB39A88B2A28F26536F320 /* Frameworks */ = {
			isa = PBXFrameworksBuildPhase;
			buildActionMask = 2147483647;
			files = (
				9FBCDCBB2035C91C68E010C1 /* LexJoltApp in Frameworks */,
			);
			runOnlyForDeploymentPostprocessing = 0;
		};
		E215C1DFB8589F9EB5789500 /* Frameworks */ = {
			isa = PBXFrameworksBuildPhase;
			buildActionMask = 2147483647;
			files = (
				AEDFB23CF4C75BA9B59FE11F /* LexJoltApp in Frameworks */,
			);
			runOnlyForDeploymentPostprocessing = 0;
		};
/* End PBXFrameworksBuildPhase section */

/* Begin PBXGroup section */
		1095B5DF029BF10023624EE3 /* ResourcesMac */ = {
			isa = PBXGroup;
			children = (
				9C1C1388B3159B5FBAC14A80 /* Assets.xcassets */,
			);
			path = ResourcesMac;
			sourceTree = "<group>";
		};
		49C599C61B510961604D70EC /* Packages */ = {
			isa = PBXGroup;
			children = (
				BAF84B474DC6C98EC817B9C0 /* LexJoltApp */,
			);
			name = Packages;
			sourceTree = "<group>";
		};
		662720055E4D8E8A8362EEDE /* SourcesMac */ = {
			isa = PBXGroup;
			children = (
				30C675D6FCFA47723204F56C /* LexJoltMacApp.swift */,
			);
			path = SourcesMac;
			sourceTree = "<group>";
		};
		C822BFF2707EFA0482E2C9EB /* Products */ = {
			isa = PBXGroup;
			children = (
				FC500C14D5203451EADF9214 /* LexJoltiOS.app */,
				8C1581CC41D639B5D3860129 /* LexJoltMac.app */,
				433FA8B9FCA9717386146279 /* LexJoltTV.app */,
				03E7CBD74B079B70841A3A72 /* LexJoltVision.app */,
				DFF99501E7261453FBC4CD36 /* LexJoltWatch.app */,
			);
			name = Products;
			sourceTree = "<group>";
		};
		C8AFAED10AEE374A9530C309 /* Resources */ = {
			isa = PBXGroup;
			children = (
				D01BC6ECB59DEFBF408C57DC /* Assets.xcassets */,
				0F10CCC9917CFB4105D361B1 /* LaunchScreen.storyboard */,
				EDA7024FB8085B05685FF315 /* PrivacyInfo.xcprivacy */,
			);
			path = Resources;
			sourceTree = "<group>";
		};
		D5278A909F20E67F22E5FC9F = {
			isa = PBXGroup;
			children = (
				49C599C61B510961604D70EC /* Packages */,
				C8AFAED10AEE374A9530C309 /* Resources */,
				1095B5DF029BF10023624EE3 /* ResourcesMac */,
				EAD8C3A1F4F6E5A8B83D4AF1 /* Sources */,
				662720055E4D8E8A8362EEDE /* SourcesMac */,
				F563E7DFDC55B1E9BA2219A0 /* SourcesTV */,
				E97F54153B9122C5B7921845 /* SourcesVision */,
				F1D7E7DBEC3BD9434D0221AC /* SourcesWatch */,
				C822BFF2707EFA0482E2C9EB /* Products */,
			);
			sourceTree = "<group>";
		};
		E97F54153B9122C5B7921845 /* SourcesVision */ = {
			isa = PBXGroup;
			children = (
				5FDFED36AFE5128D8BD4FD92 /* LexJoltVisionApp.swift */,
			);
			path = SourcesVision;
			sourceTree = "<group>";
		};
		EAD8C3A1F4F6E5A8B83D4AF1 /* Sources */ = {
			isa = PBXGroup;
			children = (
				76F456B8A25DE2708F5FF31F /* LexJoltiOSApp.swift */,
			);
			path = Sources;
			sourceTree = "<group>";
		};
		F1D7E7DBEC3BD9434D0221AC /* SourcesWatch */ = {
			isa = PBXGroup;
			children = (
				710865ABDEE935EB42C38870 /* LexJoltWatchApp.swift */,
			);
			path = SourcesWatch;
			sourceTree = "<group>";
		};
		F563E7DFDC55B1E9BA2219A0 /* SourcesTV */ = {
			isa = PBXGroup;
			children = (
				629A20E2B6AB2A7D26C603CB /* LexJoltTVApp.swift */,
			);
			path = SourcesTV;
			sourceTree = "<group>";
		};
/* End PBXGroup section */

/* Begin PBXNativeTarget section */
		370A45D975E63A4651F5D397 /* LexJoltWatch */ = {
			isa = PBXNativeTarget;
			buildConfigurationList = 3B3D6EB6E17355FC38A0F6AC /* Build configuration list for PBXNativeTarget "LexJoltWatch" */;
			buildPhases = (
				20B02161E121876CDEB5F82F /* Sources */,
				CBEB0EC892213939AFEDE82F /* Frameworks */,
			);
			buildRules = (
			);
			dependencies = (
			);
			name = LexJoltWatch;
			packageProductDependencies = (
				39A63E782CE2DA2122A12E2C /* LexJoltApp */,
			);
			productName = LexJoltWatch;
			productReference = DFF99501E7261453FBC4CD36 /* LexJoltWatch.app */;
			productType = "com.apple.product-type.application";
		};
		937CC582E56A86005647C0C1 /* LexJoltiOS */ = {
			isa = PBXNativeTarget;
			buildConfigurationList = 94DC32A443E0306559F483E3 /* Build configuration list for PBXNativeTarget "LexJoltiOS" */;
			buildPhases = (
				32921371E3DAE97F6244F833 /* Sources */,
				085637D29B67F9388CA3F62C /* Resources */,
				5719AC15A51E755D14B4EECB /* Frameworks */,
			);
			buildRules = (
			);
			dependencies = (
			);
			name = LexJoltiOS;
			packageProductDependencies = (
				C492A473BBEEAC5F225EEB34 /* LexJoltApp */,
			);
			productName = LexJoltiOS;
			productReference = FC500C14D5203451EADF9214 /* LexJoltiOS.app */;
			productType = "com.apple.product-type.application";
		};
		AB6E4509FCAB0162FE5DF565 /* LexJoltMac */ = {
			isa = PBXNativeTarget;
			buildConfigurationList = 9CD0B1CD459E50E8FEC72018 /* Build configuration list for PBXNativeTarget "LexJoltMac" */;
			buildPhases = (
				C82EB1F728E3BC83A8937EF2 /* Sources */,
				4162B742CB8887E28AA20D49 /* Resources */,
				ADB64A2CA1D4EE0AFFD3C387 /* Frameworks */,
			);
			buildRules = (
			);
			dependencies = (
			);
			name = LexJoltMac;
			packageProductDependencies = (
				6358E02AFFCEEB37D65418FF /* LexJoltApp */,
			);
			productName = LexJoltMac;
			productReference = 8C1581CC41D639B5D3860129 /* LexJoltMac.app */;
			productType = "com.apple.product-type.application";
		};
		BB8E384AF50EAC2EC87BFD02 /* LexJoltVision */ = {
			isa = PBXNativeTarget;
			buildConfigurationList = D7696A8DF07D6FF9EB6CE012 /* Build configuration list for PBXNativeTarget "LexJoltVision" */;
			buildPhases = (
				313CE0E24CA8AB969D5D4ECB /* Sources */,
				E215C1DFB8589F9EB5789500 /* Frameworks */,
			);
			buildRules = (
			);
			dependencies = (
			);
			name = LexJoltVision;
			packageProductDependencies = (
				09E47C3948E82F7EC588B2AA /* LexJoltApp */,
			);
			productName = LexJoltVision;
			productReference = 03E7CBD74B079B70841A3A72 /* LexJoltVision.app */;
			productType = "com.apple.product-type.application";
		};
		FBF49B7FF5DDF874BBC6DABA /* LexJoltTV */ = {
			isa = PBXNativeTarget;
			buildConfigurationList = 6EBA83B128B6D3D4C46F9153 /* Build configuration list for PBXNativeTarget "LexJoltTV" */;
			buildPhases = (
				E21E40B9625A3F7986A4B696 /* Sources */,
				D4AB39A88B2A28F26536F320 /* Frameworks */,
			);
			buildRules = (
			);
			dependencies = (
			);
			name = LexJoltTV;
			packageProductDependencies = (
				38C7990F43565C76B6FC2754 /* LexJoltApp */,
			);
			productName = LexJoltTV;
			productReference = 433FA8B9FCA9717386146279 /* LexJoltTV.app */;
			productType = "com.apple.product-type.application";
		};
/* End PBXNativeTarget section */

/* Begin PBXProject section */
		7AB4305BD2FD5CB59F4A1A65 /* Project object */ = {
			isa = PBXProject;
			attributes = {
				BuildIndependentTargetsInParallel = YES;
				LastUpgradeCheck = 1430;
				TargetAttributes = {
				};
			};
			buildConfigurationList = D48ECF841F328E1AC1EEBF50 /* Build configuration list for PBXProject "LexJoltiOS" */;
			developmentRegion = en;
			hasScannedForEncodings = 0;
			knownRegions = (
				Base,
				en,
			);
			mainGroup = D5278A909F20E67F22E5FC9F;
			minimizedProjectReferenceProxies = 1;
			packageReferences = (
				0CA706618F7805D29C6C7466 /* XCLocalSwiftPackageReference "../LexJoltApp" */,
			);
			preferredProjectObjectVersion = 77;
			productRefGroup = C822BFF2707EFA0482E2C9EB /* Products */;
			projectDirPath = "";
			projectRoot = "";
			targets = (
				AB6E4509FCAB0162FE5DF565 /* LexJoltMac */,
				FBF49B7FF5DDF874BBC6DABA /* LexJoltTV */,
				BB8E384AF50EAC2EC87BFD02 /* LexJoltVision */,
				370A45D975E63A4651F5D397 /* LexJoltWatch */,
				937CC582E56A86005647C0C1 /* LexJoltiOS */,
			);
		};
/* End PBXProject section */

/* Begin PBXResourcesBuildPhase section */
		085637D29B67F9388CA3F62C /* Resources */ = {
			isa = PBXResourcesBuildPhase;
			buildActionMask = 2147483647;
			files = (
				DD64C0C48B9EB3449A9AA298 /* Assets.xcassets in Resources */,
				350A3428DCEBF99710BEF292 /* LaunchScreen.storyboard in Resources */,
				76F19324B38B47FAB516512B /* PrivacyInfo.xcprivacy in Resources */,
			);
			runOnlyForDeploymentPostprocessing = 0;
		};
		4162B742CB8887E28AA20D49 /* Resources */ = {
			isa = PBXResourcesBuildPhase;
			buildActionMask = 2147483647;
			files = (
				41F3BC532486FF78FBB3A19E /* Assets.xcassets in Resources */,
			);
			runOnlyForDeploymentPostprocessing = 0;
		};
/* End PBXResourcesBuildPhase section */

/* Begin PBXSourcesBuildPhase section */
		20B02161E121876CDEB5F82F /* Sources */ = {
			isa = PBXSourcesBuildPhase;
			buildActionMask = 2147483647;
			files = (
				BFC0820D84DBFB264E3D704F /* LexJoltWatchApp.swift in Sources */,
			);
			runOnlyForDeploymentPostprocessing = 0;
		};
		313CE0E24CA8AB969D5D4ECB /* Sources */ = {
			isa = PBXSourcesBuildPhase;
			buildActionMask = 2147483647;
			files = (
				ACE5A583026BAC0C447CADE1 /* LexJoltVisionApp.swift in Sources */,
			);
			runOnlyForDeploymentPostprocessing = 0;
		};
		32921371E3DAE97F6244F833 /* Sources */ = {
			isa = PBXSourcesBuildPhase;
			buildActionMask = 2147483647;
			files = (
				E98E87C68AF12289CC162940 /* LexJoltiOSApp.swift in Sources */,
			);
			runOnlyForDeploymentPostprocessing = 0;
		};
		C82EB1F728E3BC83A8937EF2 /* Sources */ = {
			isa = PBXSourcesBuildPhase;
			buildActionMask = 2147483647;
			files = (
				DEB2089CF2393787B92FC39C /* LexJoltMacApp.swift in Sources */,
			);
			runOnlyForDeploymentPostprocessing = 0;
		};
		E21E40B9625A3F7986A4B696 /* Sources */ = {
			isa = PBXSourcesBuildPhase;
			buildActionMask = 2147483647;
			files = (
				6C955BACC1F963E9B306C495 /* LexJoltTVApp.swift in Sources */,
			);
			runOnlyForDeploymentPostprocessing = 0;
		};
/* End PBXSourcesBuildPhase section */

/* Begin XCBuildConfiguration section */
		100E2CFBC298A90CBA661A03 /* Release */ = {
			isa = XCBuildConfiguration;
			buildSettings = {
				ASSETCATALOG_COMPILER_APPICON_NAME = AppIcon;
				ASSETCATALOG_COMPILER_GLOBAL_ACCENT_COLOR_NAME = AccentColor;
				CODE_SIGNING_STYLE = Automatic;
				CODE_SIGN_IDENTITY = "iPhone Developer";
				CURRENT_PROJECT_VERSION = 1;
				DEVELOPMENT_TEAM = 97ZA7QV77G;
				GENERATE_INFOPLIST_FILE = YES;
				INFOPLIST_KEY_CFBundleDisplayName = LexJolt;
				INFOPLIST_KEY_LSApplicationCategoryType = "public.app-category.word-games";
				INFOPLIST_KEY_UIApplicationSceneManifest_Generation = YES;
				INFOPLIST_KEY_UIApplicationSupportsIndirectInputEvents = YES;
				INFOPLIST_KEY_UILaunchStoryboardName = LaunchScreen;
				INFOPLIST_KEY_UISupportedInterfaceOrientations_iPad = "UIInterfaceOrientationPortrait UIInterfaceOrientationPortraitUpsideDown UIInterfaceOrientationLandscapeLeft UIInterfaceOrientationLandscapeRight";
				INFOPLIST_KEY_UISupportedInterfaceOrientations_iPhone = "UIInterfaceOrientationPortrait UIInterfaceOrientationLandscapeLeft UIInterfaceOrientationLandscapeRight";
				LD_RUNPATH_SEARCH_PATHS = (
					"$(inherited)",
					"@executable_path/Frameworks",
				);
				MARKETING_VERSION = 1.0;
				PRODUCT_BUNDLE_IDENTIFIER = com.lexjolt.app;
				PRODUCT_NAME = LexJolt;
				SDKROOT = iphoneos;
				SUPPORTS_MACCATALYST = NO;
				TARGETED_DEVICE_FAMILY = "1,2";
			};
			name = Release;
		};
		12286D138CB5063A34476757 /* Debug */ = {
			isa = XCBuildConfiguration;
			buildSettings = {
				ASSETCATALOG_COMPILER_APPICON_NAME = AppIcon;
				CODE_SIGNING_ALLOWED = NO;
				CURRENT_PROJECT_VERSION = 1;
				GENERATE_INFOPLIST_FILE = YES;
				INFOPLIST_KEY_CFBundleDisplayName = LexJolt;
				MARKETING_VERSION = 1.0;
				PRODUCT_BUNDLE_IDENTIFIER = com.lexjolt.app.watch;
				PRODUCT_NAME = LexJolt;
				SDKROOT = watchos;
				SKIP_INSTALL = YES;
				TARGETED_DEVICE_FAMILY = 4;
			};
			name = Debug;
		};
		1BF551555CECABC95114D338 /* Debug */ = {
			isa = XCBuildConfiguration;
			buildSettings = {
				ASSETCATALOG_COMPILER_APPICON_NAME = "App Icon & Top Shelf Image";
				ASSETCATALOG_COMPILER_LAUNCHIMAGE_NAME = LaunchImage;
				CODE_SIGNING_ALLOWED = NO;
				CURRENT_PROJECT_VERSION = 1;
				GENERATE_INFOPLIST_FILE = YES;
				INFOPLIST_KEY_CFBundleDisplayName = LexJolt;
				INFOPLIST_KEY_UILaunchScreen_Generation = YES;
				LD_RUNPATH_SEARCH_PATHS = (
					"$(inherited)",
					"@executable_path/Frameworks",
				);
				MARKETING_VERSION = 1.0;
				PRODUCT_BUNDLE_IDENTIFIER = com.lexjolt.app.tv;
				PRODUCT_NAME = LexJolt;
				SDKROOT = appletvos;
				TARGETED_DEVICE_FAMILY = 3;
			};
			name = Debug;
		};
		4E9DE3506335A330B010987B /* Debug */ = {
			isa = XCBuildConfiguration;
			buildSettings = {
				ASSETCATALOG_COMPILER_APPICON_NAME = AppIcon;
				CODE_SIGNING_ALLOWED = NO;
				CODE_SIGN_ENTITLEMENTS = Config/LexJoltMac.entitlements;
				COMBINE_HIDPI_IMAGES = YES;
				CURRENT_PROJECT_VERSION = 1;
				GENERATE_INFOPLIST_FILE = YES;
				INFOPLIST_KEY_CFBundleDisplayName = LexJolt;
				INFOPLIST_KEY_LSApplicationCategoryType = "public.app-category.word-games";
				LD_RUNPATH_SEARCH_PATHS = (
					"$(inherited)",
					"@executable_path/../Frameworks",
				);
				MARKETING_VERSION = 1.0;
				PRODUCT_BUNDLE_IDENTIFIER = com.lexjolt.app.mac;
				PRODUCT_NAME = LexJolt;
				SDKROOT = macosx;
			};
			name = Debug;
		};
		50B745DCE3F44F7BD6FA8FE2 /* Release */ = {
			isa = XCBuildConfiguration;
			buildSettings = {
				ASSETCATALOG_COMPILER_APPICON_NAME = AppIcon;
				CODE_SIGNING_ALLOWED = NO;
				CURRENT_PROJECT_VERSION = 1;
				GENERATE_INFOPLIST_FILE = YES;
				INFOPLIST_KEY_CFBundleDisplayName = LexJolt;
				LD_RUNPATH_SEARCH_PATHS = (
					"$(inherited)",
					"@executable_path/Frameworks",
				);
				MARKETING_VERSION = 1.0;
				PRODUCT_BUNDLE_IDENTIFIER = com.lexjolt.app.vision;
				PRODUCT_NAME = LexJolt;
				SDKROOT = xros;
				TARGETED_DEVICE_FAMILY = 7;
			};
			name = Release;
		};
		5F19ADA81A707853861F3CFF /* Release */ = {
			isa = XCBuildConfiguration;
			buildSettings = {
				ASSETCATALOG_COMPILER_APPICON_NAME = AppIcon;
				CODE_SIGNING_STYLE = Automatic;
				CODE_SIGN_ENTITLEMENTS = Config/LexJoltMac.entitlements;
				COMBINE_HIDPI_IMAGES = YES;
				CURRENT_PROJECT_VERSION = 1;
				DEVELOPMENT_TEAM = 97ZA7QV77G;
				GENERATE_INFOPLIST_FILE = YES;
				INFOPLIST_KEY_CFBundleDisplayName = LexJolt;
				INFOPLIST_KEY_LSApplicationCategoryType = "public.app-category.word-games";
				LD_RUNPATH_SEARCH_PATHS = (
					"$(inherited)",
					"@executable_path/../Frameworks",
				);
				MARKETING_VERSION = 1.0;
				PRODUCT_BUNDLE_IDENTIFIER = com.lexjolt.app.mac;
				PRODUCT_NAME = LexJolt;
				SDKROOT = macosx;
			};
			name = Release;
		};
		765F28660ABA71790E2AB86C /* Debug */ = {
			isa = XCBuildConfiguration;
			buildSettings = {
				ASSETCATALOG_COMPILER_APPICON_NAME = AppIcon;
				CODE_SIGNING_ALLOWED = NO;
				CURRENT_PROJECT_VERSION = 1;
				GENERATE_INFOPLIST_FILE = YES;
				INFOPLIST_KEY_CFBundleDisplayName = LexJolt;
				LD_RUNPATH_SEARCH_PATHS = (
					"$(inherited)",
					"@executable_path/Frameworks",
				);
				MARKETING_VERSION = 1.0;
				PRODUCT_BUNDLE_IDENTIFIER = com.lexjolt.app.vision;
				PRODUCT_NAME = LexJolt;
				SDKROOT = xros;
				TARGETED_DEVICE_FAMILY = 7;
			};
			name = Debug;
		};
		843863FA9AEB15F0372ED02D /* Debug */ = {
			isa = XCBuildConfiguration;
			buildSettings = {
				ALWAYS_SEARCH_USER_PATHS = NO;
				CLANG_ANALYZER_NONNULL = YES;
				CLANG_ANALYZER_NUMBER_OBJECT_CONVERSION = YES_AGGRESSIVE;
				CLANG_CXX_LANGUAGE_STANDARD = "gnu++14";
				CLANG_CXX_LIBRARY = "libc++";
				CLANG_ENABLE_MODULES = YES;
				CLANG_ENABLE_OBJC_ARC = YES;
				CLANG_ENABLE_OBJC_WEAK = YES;
				CLANG_WARN_BLOCK_CAPTURE_AUTORELEASING = YES;
				CLANG_WARN_BOOL_CONVERSION = YES;
				CLANG_WARN_COMMA = YES;
				CLANG_WARN_CONSTANT_CONVERSION = YES;
				CLANG_WARN_DEPRECATED_OBJC_IMPLEMENTATIONS = YES;
				CLANG_WARN_DIRECT_OBJC_ISA_USAGE = YES_ERROR;
				CLANG_WARN_DOCUMENTATION_COMMENTS = YES;
				CLANG_WARN_EMPTY_BODY = YES;
				CLANG_WARN_ENUM_CONVERSION = YES;
				CLANG_WARN_INFINITE_RECURSION = YES;
				CLANG_WARN_INT_CONVERSION = YES;
				CLANG_WARN_NON_LITERAL_NULL_CONVERSION = YES;
				CLANG_WARN_OBJC_IMPLICIT_RETAIN_SELF = YES;
				CLANG_WARN_OBJC_LITERAL_CONVERSION = YES;
				CLANG_WARN_OBJC_ROOT_CLASS = YES_ERROR;
				CLANG_WARN_QUOTED_INCLUDE_IN_FRAMEWORK_HEADER = YES;
				CLANG_WARN_RANGE_LOOP_ANALYSIS = YES;
				CLANG_WARN_STRICT_PROTOTYPES = YES;
				CLANG_WARN_SUSPICIOUS_MOVE = YES;
				CLANG_WARN_UNGUARDED_AVAILABILITY = YES_AGGRESSIVE;
				CLANG_WARN_UNREACHABLE_CODE = YES;
				CLANG_WARN__DUPLICATE_METHOD_MATCH = YES;
				COPY_PHASE_STRIP = NO;
				DEBUG_INFORMATION_FORMAT = dwarf;
				ENABLE_STRICT_OBJC_MSGSEND = YES;
				ENABLE_TESTABILITY = YES;
				GCC_C_LANGUAGE_STANDARD = gnu11;
				GCC_DYNAMIC_NO_PIC = NO;
				GCC_NO_COMMON_BLOCKS = YES;
				GCC_OPTIMIZATION_LEVEL = 0;
				GCC_PREPROCESSOR_DEFINITIONS = (
					"$(inherited)",
					"DEBUG=1",
				);
				GCC_WARN_64_TO_32_BIT_CONVERSION = YES;
				GCC_WARN_ABOUT_RETURN_TYPE = YES_ERROR;
				GCC_WARN_UNDECLARED_SELECTOR = YES;
				GCC_WARN_UNINITIALIZED_AUTOS = YES_AGGRESSIVE;
				GCC_WARN_UNUSED_FUNCTION = YES;
				GCC_WARN_UNUSED_VARIABLE = YES;
				IPHONEOS_DEPLOYMENT_TARGET = 17.0;
				MACOSX_DEPLOYMENT_TARGET = 14.0;
				MTL_ENABLE_DEBUG_INFO = INCLUDE_SOURCE;
				MTL_FAST_MATH = YES;
				ONLY_ACTIVE_ARCH = YES;
				PRODUCT_NAME = "$(TARGET_NAME)";
				SWIFT_ACTIVE_COMPILATION_CONDITIONS = DEBUG;
				SWIFT_OPTIMIZATION_LEVEL = "-Onone";
				SWIFT_VERSION = 5.0;
				TVOS_DEPLOYMENT_TARGET = 17.0;
				WATCHOS_DEPLOYMENT_TARGET = 10.0;
				XROS_DEPLOYMENT_TARGET = 1.0;
			};
			name = Debug;
		};
		894FABE3D2459442A7FDC87B /* Release */ = {
			isa = XCBuildConfiguration;
			buildSettings = {
				ASSETCATALOG_COMPILER_APPICON_NAME = AppIcon;
				CODE_SIGNING_ALLOWED = NO;
				CURRENT_PROJECT_VERSION = 1;
				GENERATE_INFOPLIST_FILE = YES;
				INFOPLIST_KEY_CFBundleDisplayName = LexJolt;
				MARKETING_VERSION = 1.0;
				PRODUCT_BUNDLE_IDENTIFIER = com.lexjolt.app.watch;
				PRODUCT_NAME = LexJolt;
				SDKROOT = watchos;
				SKIP_INSTALL = YES;
				TARGETED_DEVICE_FAMILY = 4;
			};
			name = Release;
		};
		9E44E912E26BF3BB2F41D5BC /* Debug */ = {
			isa = XCBuildConfiguration;
			buildSettings = {
				ASSETCATALOG_COMPILER_APPICON_NAME = AppIcon;
				ASSETCATALOG_COMPILER_GLOBAL_ACCENT_COLOR_NAME = AccentColor;
				CODE_SIGNING_ALLOWED = NO;
				CODE_SIGN_IDENTITY = "iPhone Developer";
				CURRENT_PROJECT_VERSION = 1;
				GENERATE_INFOPLIST_FILE = YES;
				INFOPLIST_KEY_CFBundleDisplayName = LexJolt;
				INFOPLIST_KEY_LSApplicationCategoryType = "public.app-category.word-games";
				INFOPLIST_KEY_UIApplicationSceneManifest_Generation = YES;
				INFOPLIST_KEY_UIApplicationSupportsIndirectInputEvents = YES;
				INFOPLIST_KEY_UILaunchStoryboardName = LaunchScreen;
				INFOPLIST_KEY_UISupportedInterfaceOrientations_iPad = "UIInterfaceOrientationPortrait UIInterfaceOrientationPortraitUpsideDown UIInterfaceOrientationLandscapeLeft UIInterfaceOrientationLandscapeRight";
				INFOPLIST_KEY_UISupportedInterfaceOrientations_iPhone = "UIInterfaceOrientationPortrait UIInterfaceOrientationLandscapeLeft UIInterfaceOrientationLandscapeRight";
				LD_RUNPATH_SEARCH_PATHS = (
					"$(inherited)",
					"@executable_path/Frameworks",
				);
				MARKETING_VERSION = 1.0;
				PRODUCT_BUNDLE_IDENTIFIER = com.lexjolt.app;
				PRODUCT_NAME = LexJolt;
				SDKROOT = iphoneos;
				SUPPORTS_MACCATALYST = NO;
				TARGETED_DEVICE_FAMILY = "1,2";
			};
			name = Debug;
		};
		B4BDBE4F871FEB51D51BB66B /* Release */ = {
			isa = XCBuildConfiguration;
			buildSettings = {
				ASSETCATALOG_COMPILER_APPICON_NAME = "App Icon & Top Shelf Image";
				ASSETCATALOG_COMPILER_LAUNCHIMAGE_NAME = LaunchImage;
				CODE_SIGNING_ALLOWED = NO;
				CURRENT_PROJECT_VERSION = 1;
				GENERATE_INFOPLIST_FILE = YES;
				INFOPLIST_KEY_CFBundleDisplayName = LexJolt;
				INFOPLIST_KEY_UILaunchScreen_Generation = YES;
				LD_RUNPATH_SEARCH_PATHS = (
					"$(inherited)",
					"@executable_path/Frameworks",
				);
				MARKETING_VERSION = 1.0;
				PRODUCT_BUNDLE_IDENTIFIER = com.lexjolt.app.tv;
				PRODUCT_NAME = LexJolt;
				SDKROOT = appletvos;
				TARGETED_DEVICE_FAMILY = 3;
			};
			name = Release;
		};
		C117D1F9B055181D65D34786 /* Release */ = {
			isa = XCBuildConfiguration;
			buildSettings = {
				ALWAYS_SEARCH_USER_PATHS = NO;
				CLANG_ANALYZER_NONNULL = YES;
				CLANG_ANALYZER_NUMBER_OBJECT_CONVERSION = YES_AGGRESSIVE;
				CLANG_CXX_LANGUAGE_STANDARD = "gnu++14";
				CLANG_CXX_LIBRARY = "libc++";
				CLANG_ENABLE_MODULES = YES;
				CLANG_ENABLE_OBJC_ARC = YES;
				CLANG_ENABLE_OBJC_WEAK = YES;
				CLANG_WARN_BLOCK_CAPTURE_AUTORELEASING = YES;
				CLANG_WARN_BOOL_CONVERSION = YES;
				CLANG_WARN_COMMA = YES;
				CLANG_WARN_CONSTANT_CONVERSION = YES;
				CLANG_WARN_DEPRECATED_OBJC_IMPLEMENTATIONS = YES;
				CLANG_WARN_DIRECT_OBJC_ISA_USAGE = YES_ERROR;
				CLANG_WARN_DOCUMENTATION_COMMENTS = YES;
				CLANG_WARN_EMPTY_BODY = YES;
				CLANG_WARN_ENUM_CONVERSION = YES;
				CLANG_WARN_INFINITE_RECURSION = YES;
				CLANG_WARN_INT_CONVERSION = YES;
				CLANG_WARN_NON_LITERAL_NULL_CONVERSION = YES;
				CLANG_WARN_OBJC_IMPLICIT_RETAIN_SELF = YES;
				CLANG_WARN_OBJC_LITERAL_CONVERSION = YES;
				CLANG_WARN_OBJC_ROOT_CLASS = YES_ERROR;
				CLANG_WARN_QUOTED_INCLUDE_IN_FRAMEWORK_HEADER = YES;
				CLANG_WARN_RANGE_LOOP_ANALYSIS = YES;
				CLANG_WARN_STRICT_PROTOTYPES = YES;
				CLANG_WARN_SUSPICIOUS_MOVE = YES;
				CLANG_WARN_UNGUARDED_AVAILABILITY = YES_AGGRESSIVE;
				CLANG_WARN_UNREACHABLE_CODE = YES;
				CLANG_WARN__DUPLICATE_METHOD_MATCH = YES;
				COPY_PHASE_STRIP = NO;
				DEBUG_INFORMATION_FORMAT = "dwarf-with-dsym";
				ENABLE_NS_ASSERTIONS = NO;
				ENABLE_STRICT_OBJC_MSGSEND = YES;
				GCC_C_LANGUAGE_STANDARD = gnu11;
				GCC_NO_COMMON_BLOCKS = YES;
				GCC_WARN_64_TO_32_BIT_CONVERSION = YES;
				GCC_WARN_ABOUT_RETURN_TYPE = YES_ERROR;
				GCC_WARN_UNDECLARED_SELECTOR = YES;
				GCC_WARN_UNINITIALIZED_AUTOS = YES_AGGRESSIVE;
				GCC_WARN_UNUSED_FUNCTION = YES;
				GCC_WARN_UNUSED_VARIABLE = YES;
				IPHONEOS_DEPLOYMENT_TARGET = 17.0;
				MACOSX_DEPLOYMENT_TARGET = 14.0;
				MTL_ENABLE_DEBUG_INFO = NO;
				MTL_FAST_MATH = YES;
				PRODUCT_NAME = "$(TARGET_NAME)";
				SWIFT_COMPILATION_MODE = wholemodule;
				SWIFT_OPTIMIZATION_LEVEL = "-O";
				SWIFT_VERSION = 5.0;
				TVOS_DEPLOYMENT_TARGET = 17.0;
				WATCHOS_DEPLOYMENT_TARGET = 10.0;
				XROS_DEPLOYMENT_TARGET = 1.0;
			};
			name = Release;
		};
/* End XCBuildConfiguration section */

/* Begin XCConfigurationList section */
		3B3D6EB6E17355FC38A0F6AC /* Build configuration list for PBXNativeTarget "LexJoltWatch" */ = {
			isa = XCConfigurationList;
			buildConfigurations = (
				12286D138CB5063A34476757 /* Debug */,
				894FABE3D2459442A7FDC87B /* Release */,
			);
			defaultConfigurationIsVisible = 0;
			defaultConfigurationName = Debug;
		};
		6EBA83B128B6D3D4C46F9153 /* Build configuration list for PBXNativeTarget "LexJoltTV" */ = {
			isa = XCConfigurationList;
			buildConfigurations = (
				1BF551555CECABC95114D338 /* Debug */,
				B4BDBE4F871FEB51D51BB66B /* Release */,
			);
			defaultConfigurationIsVisible = 0;
			defaultConfigurationName = Debug;
		};
		94DC32A443E0306559F483E3 /* Build configuration list for PBXNativeTarget "LexJoltiOS" */ = {
			isa = XCConfigurationList;
			buildConfigurations = (
				9E44E912E26BF3BB2F41D5BC /* Debug */,
				100E2CFBC298A90CBA661A03 /* Release */,
			);
			defaultConfigurationIsVisible = 0;
			defaultConfigurationName = Debug;
		};
		9CD0B1CD459E50E8FEC72018 /* Build configuration list for PBXNativeTarget "LexJoltMac" */ = {
			isa = XCConfigurationList;
			buildConfigurations = (
				4E9DE3506335A330B010987B /* Debug */,
				5F19ADA81A707853861F3CFF /* Release */,
			);
			defaultConfigurationIsVisible = 0;
			defaultConfigurationName = Debug;
		};
		D48ECF841F328E1AC1EEBF50 /* Build configuration list for PBXProject "LexJoltiOS" */ = {
			isa = XCConfigurationList;
			buildConfigurations = (
				843863FA9AEB15F0372ED02D /* Debug */,
				C117D1F9B055181D65D34786 /* Release */,
			);
			defaultConfigurationIsVisible = 0;
			defaultConfigurationName = Debug;
		};
		D7696A8DF07D6FF9EB6CE012 /* Build configuration list for PBXNativeTarget "LexJoltVision" */ = {
			isa = XCConfigurationList;
			buildConfigurations = (
				765F28660ABA71790E2AB86C /* Debug */,
				50B745DCE3F44F7BD6FA8FE2 /* Release */,
			);
			defaultConfigurationIsVisible = 0;
			defaultConfigurationName = Debug;
		};
/* End XCConfigurationList section */

/* Begin XCLocalSwiftPackageReference section */
		0CA706618F7805D29C6C7466 /* XCLocalSwiftPackageReference "../LexJoltApp" */ = {
			isa = XCLocalSwiftPackageReference;
			relativePath = ../LexJoltApp;
		};
/* End XCLocalSwiftPackageReference section */

/* Begin XCSwiftPackageProductDependency section */
		09E47C3948E82F7EC588B2AA /* LexJoltApp */ = {
			isa = XCSwiftPackageProductDependency;
			productName = LexJoltApp;
		};
		38C7990F43565C76B6FC2754 /* LexJoltApp */ = {
			isa = XCSwiftPackageProductDependency;
			productName = LexJoltApp;
		};
		39A63E782CE2DA2122A12E2C /* LexJoltApp */ = {
			isa = XCSwiftPackageProductDependency;
			productName = LexJoltApp;
		};
		6358E02AFFCEEB37D65418FF /* LexJoltApp */ = {
			isa = XCSwiftPackageProductDependency;
			productName = LexJoltApp;
		};
		C492A473BBEEAC5F225EEB34 /* LexJoltApp */ = {
			isa = XCSwiftPackageProductDependency;
			productName = LexJoltApp;
		};
/* End XCSwiftPackageProductDependency section */
	};
	rootObject = 7AB4305BD2FD5CB59F4A1A65 /* Project object */;
}
