// !$*UTF8*$!
{
	archiveVersion = 1;
	classes = {
	};
	objectVersion = 77;
	objects = {

/* Begin PBXBuildFile section */
		1AB0575C57BE23F732337249 /* LexJoltVisionApp.swift in Sources */ = {isa = PBXBuildFile; fileRef = 89F28429B8050AD7456813CF /* LexJoltVisionApp.swift */; };
		29D5ED2801A9FF432C60A1D0 /* LexJoltTVApp.swift in Sources */ = {isa = PBXBuildFile; fileRef = 3D447BDC0EB7AB0A13285729 /* LexJoltTVApp.swift */; };
		50BBD4D5226795E4C4FDC018 /* LexJoltApp in Frameworks */ = {isa = PBXBuildFile; productRef = 0418536E1B3FCF01CEF2B6D4 /* LexJoltApp */; };
		7E540AB6E6B5E06E84093CEC /* LexJoltMacApp.swift in Sources */ = {isa = PBXBuildFile; fileRef = 120563B148A98CF6D10FE9A6 /* LexJoltMacApp.swift */; };
		84602AF3E699A1390804C78F /* LexJoltApp in Frameworks */ = {isa = PBXBuildFile; productRef = B76C1A72D191B3881C238451 /* LexJoltApp */; };
		854E2A7022211120998D972B /* LexJoltApp in Frameworks */ = {isa = PBXBuildFile; productRef = 59F8DB9E773E72C3E044629B /* LexJoltApp */; };
		9E3090442199510C80CA0E3A /* LexJoltWatchApp.swift in Sources */ = {isa = PBXBuildFile; fileRef = D3C1F8FB7E8AFF7699914AD1 /* LexJoltWatchApp.swift */; };
		A1C7BF330E1D7C25F46390F8 /* LexJoltiOSApp.swift in Sources */ = {isa = PBXBuildFile; fileRef = 60BAF35909D4E01D7576F0E6 /* LexJoltiOSApp.swift */; };
		BDB04318000DDAA648821533 /* LexJoltApp in Frameworks */ = {isa = PBXBuildFile; productRef = 02F7ACF2D8F91A8F7AD4A8E2 /* LexJoltApp */; };
		E66C883867BDCD971D6A5748 /* LexJoltApp in Frameworks */ = {isa = PBXBuildFile; productRef = B8C22A401596D4825B1DFF0F /* LexJoltApp */; };
		E701E178A25FE1D424F84566 /* PrivacyInfo.xcprivacy in Resources */ = {isa = PBXBuildFile; fileRef = 3AFEC54BEF2E5C8A9C69A744 /* PrivacyInfo.xcprivacy */; };
/* End PBXBuildFile section */

/* Begin PBXFileReference section */
		120563B148A98CF6D10FE9A6 /* LexJoltMacApp.swift */ = {isa = PBXFileReference; lastKnownFileType = sourcecode.swift; path = LexJoltMacApp.swift; sourceTree = "<group>"; };
		252EEE0B71F12E9E425081A3 /* LexJoltMac.app */ = {isa = PBXFileReference; explicitFileType = wrapper.application; includeInIndex = 0; path = LexJoltMac.app; sourceTree = BUILT_PRODUCTS_DIR; };
		306FEAA3FC3F06C3AD200061 /* LexJoltWatch.app */ = {isa = PBXFileReference; explicitFileType = wrapper.application; includeInIndex = 0; path = LexJoltWatch.app; sourceTree = BUILT_PRODUCTS_DIR; };
		3AFEC54BEF2E5C8A9C69A744 /* PrivacyInfo.xcprivacy */ = {isa = PBXFileReference; path = PrivacyInfo.xcprivacy; sourceTree = "<group>"; };
		3D447BDC0EB7AB0A13285729 /* LexJoltTVApp.swift */ = {isa = PBXFileReference; lastKnownFileType = sourcecode.swift; path = LexJoltTVApp.swift; sourceTree = "<group>"; };
		60BAF35909D4E01D7576F0E6 /* LexJoltiOSApp.swift */ = {isa = PBXFileReference; lastKnownFileType = sourcecode.swift; path = LexJoltiOSApp.swift; sourceTree = "<group>"; };
		89F28429B8050AD7456813CF /* LexJoltVisionApp.swift */ = {isa = PBXFileReference; lastKnownFileType = sourcecode.swift; path = LexJoltVisionApp.swift; sourceTree = "<group>"; };
		D3C1F8FB7E8AFF7699914AD1 /* LexJoltWatchApp.swift */ = {isa = PBXFileReference; lastKnownFileType = sourcecode.swift; path = LexJoltWatchApp.swift; sourceTree = "<group>"; };
		E2F1B4556662E0EFC77BF582 /* LexJoltiOS.app */ = {isa = PBXFileReference; includeInIndex = 0; lastKnownFileType = wrapper.application; path = LexJoltiOS.app; sourceTree = BUILT_PRODUCTS_DIR; };
		F04127F6512CA7E7C66582B3 /* LexJoltApp */ = {isa = PBXFileReference; lastKnownFileType = folder; name = LexJoltApp; path = ../LexJoltApp; sourceTree = SOURCE_ROOT; };
		F4950E6E83CAD4300625752E /* LexJoltTV.app */ = {isa = PBXFileReference; includeInIndex = 0; lastKnownFileType = wrapper.application; path = LexJoltTV.app; sourceTree = BUILT_PRODUCTS_DIR; };
		F568A6CA3C3F9B7B0C0257DB /* LexJoltVision.app */ = {isa = PBXFileReference; includeInIndex = 0; lastKnownFileType = wrapper.application; path = LexJoltVision.app; sourceTree = BUILT_PRODUCTS_DIR; };
/* End PBXFileReference section */

/* Begin PBXFrameworksBuildPhase section */
		47BE96BF4011038257CCAE83 /* Frameworks */ = {
			isa = PBXFrameworksBuildPhase;
			buildActionMask = 2147483647;
			files = (
				50BBD4D5226795E4C4FDC018 /* LexJoltApp in Frameworks */,
			);
			runOnlyForDeploymentPostprocessing = 0;
		};
		606CC3287D98EB2977E1273D /* Frameworks */ = {
			isa = PBXFrameworksBuildPhase;
			buildActionMask = 2147483647;
			files = (
				BDB04318000DDAA648821533 /* LexJoltApp in Frameworks */,
			);
			runOnlyForDeploymentPostprocessing = 0;
		};
		715134BE997564EA4C96CF8B /* Frameworks */ = {
			isa = PBXFrameworksBuildPhase;
			buildActionMask = 2147483647;
			files = (
				84602AF3E699A1390804C78F /* LexJoltApp in Frameworks */,
			);
			runOnlyForDeploymentPostprocessing = 0;
		};
		88AE99ED98276602907736A2 /* Frameworks */ = {
			isa = PBXFrameworksBuildPhase;
			buildActionMask = 2147483647;
			files = (
				E66C883867BDCD971D6A5748 /* LexJoltApp in Frameworks */,
			);
			runOnlyForDeploymentPostprocessing = 0;
		};
		F59270D90ED27623BCD2B6E9 /* Frameworks */ = {
			isa = PBXFrameworksBuildPhase;
			buildActionMask = 2147483647;
			files = (
				854E2A7022211120998D972B /* LexJoltApp in Frameworks */,
			);
			runOnlyForDeploymentPostprocessing = 0;
		};
/* End PBXFrameworksBuildPhase section */

/* Begin PBXGroup section */
		1AAAEC7033C88F5E1E923619 = {
			isa = PBXGroup;
			children = (
				3E5BAAD0A83F94C638ECCF12 /* Packages */,
				1ACAA333D91E9EFEBD8EE007 /* Resources */,
				BE312068AF1845040C7AB491 /* Sources */,
				D6964FE1D5887176EA87916D /* SourcesMac */,
				5EB12D28E7F091F441DBC55D /* SourcesTV */,
				328C6EA12F2F13B34D0E9C3D /* SourcesVision */,
				EF25F14AACDEE7D1A77D7D7F /* SourcesWatch */,
				C74A586A117D59351BE598AE /* Products */,
			);
			sourceTree = "<group>";
		};
		1ACAA333D91E9EFEBD8EE007 /* Resources */ = {
			isa = PBXGroup;
			children = (
				3AFEC54BEF2E5C8A9C69A744 /* PrivacyInfo.xcprivacy */,
			);
			path = Resources;
			sourceTree = "<group>";
		};
		328C6EA12F2F13B34D0E9C3D /* SourcesVision */ = {
			isa = PBXGroup;
			children = (
				89F28429B8050AD7456813CF /* LexJoltVisionApp.swift */,
			);
			path = SourcesVision;
			sourceTree = "<group>";
		};
		3E5BAAD0A83F94C638ECCF12 /* Packages */ = {
			isa = PBXGroup;
			children = (
				F04127F6512CA7E7C66582B3 /* LexJoltApp */,
			);
			name = Packages;
			sourceTree = "<group>";
		};
		5EB12D28E7F091F441DBC55D /* SourcesTV */ = {
			isa = PBXGroup;
			children = (
				3D447BDC0EB7AB0A13285729 /* LexJoltTVApp.swift */,
			);
			path = SourcesTV;
			sourceTree = "<group>";
		};
		BE312068AF1845040C7AB491 /* Sources */ = {
			isa = PBXGroup;
			children = (
				60BAF35909D4E01D7576F0E6 /* LexJoltiOSApp.swift */,
			);
			path = Sources;
			sourceTree = "<group>";
		};
		C74A586A117D59351BE598AE /* Products */ = {
			isa = PBXGroup;
			children = (
				E2F1B4556662E0EFC77BF582 /* LexJoltiOS.app */,
				252EEE0B71F12E9E425081A3 /* LexJoltMac.app */,
				F4950E6E83CAD4300625752E /* LexJoltTV.app */,
				F568A6CA3C3F9B7B0C0257DB /* LexJoltVision.app */,
				306FEAA3FC3F06C3AD200061 /* LexJoltWatch.app */,
			);
			name = Products;
			sourceTree = "<group>";
		};
		D6964FE1D5887176EA87916D /* SourcesMac */ = {
			isa = PBXGroup;
			children = (
				120563B148A98CF6D10FE9A6 /* LexJoltMacApp.swift */,
			);
			path = SourcesMac;
			sourceTree = "<group>";
		};
		EF25F14AACDEE7D1A77D7D7F /* SourcesWatch */ = {
			isa = PBXGroup;
			children = (
				D3C1F8FB7E8AFF7699914AD1 /* LexJoltWatchApp.swift */,
			);
			path = SourcesWatch;
			sourceTree = "<group>";
		};
/* End PBXGroup section */

/* Begin PBXNativeTarget section */
		492094950F1FBE3A6A6C02CA /* LexJoltVision */ = {
			isa = PBXNativeTarget;
			buildConfigurationList = 0F1F6402019BBE594FD6567F /* Build configuration list for PBXNativeTarget "LexJoltVision" */;
			buildPhases = (
				E21FC72756C8EE54488CF792 /* Sources */,
				606CC3287D98EB2977E1273D /* Frameworks */,
			);
			buildRules = (
			);
			dependencies = (
			);
			name = LexJoltVision;
			packageProductDependencies = (
				02F7ACF2D8F91A8F7AD4A8E2 /* LexJoltApp */,
			);
			productName = LexJoltVision;
			productReference = F568A6CA3C3F9B7B0C0257DB /* LexJoltVision.app */;
			productType = "com.apple.product-type.application";
		};
		4DF749CB8389802CD2742923 /* LexJoltMac */ = {
			isa = PBXNativeTarget;
			buildConfigurationList = 4518A90601F0D3A7E98E2ECB /* Build configuration list for PBXNativeTarget "LexJoltMac" */;
			buildPhases = (
				8AEC207BFFBBD0E51E35BD3A /* Sources */,
				F59270D90ED27623BCD2B6E9 /* Frameworks */,
			);
			buildRules = (
			);
			dependencies = (
			);
			name = LexJoltMac;
			packageProductDependencies = (
				59F8DB9E773E72C3E044629B /* LexJoltApp */,
			);
			productName = LexJoltMac;
			productReference = 252EEE0B71F12E9E425081A3 /* LexJoltMac.app */;
			productType = "com.apple.product-type.application";
		};
		76BB905EA9D79D001138BDBF /* LexJoltTV */ = {
			isa = PBXNativeTarget;
			buildConfigurationList = AFE4599F81D78FE77DFFC3A7 /* Build configuration list for PBXNativeTarget "LexJoltTV" */;
			buildPhases = (
				647C07D847D4B3FFFE6FAEC5 /* Sources */,
				88AE99ED98276602907736A2 /* Frameworks */,
			);
			buildRules = (
			);
			dependencies = (
			);
			name = LexJoltTV;
			packageProductDependencies = (
				B8C22A401596D4825B1DFF0F /* LexJoltApp */,
			);
			productName = LexJoltTV;
			productReference = F4950E6E83CAD4300625752E /* LexJoltTV.app */;
			productType = "com.apple.product-type.application";
		};
		78EDD167E234BFD9F066464E /* LexJoltWatch */ = {
			isa = PBXNativeTarget;
			buildConfigurationList = 0A95BDA6338A6EC39AE09302 /* Build configuration list for PBXNativeTarget "LexJoltWatch" */;
			buildPhases = (
				D0330ECBF955C558AD33F364 /* Sources */,
				715134BE997564EA4C96CF8B /* Frameworks */,
			);
			buildRules = (
			);
			dependencies = (
			);
			name = LexJoltWatch;
			packageProductDependencies = (
				B76C1A72D191B3881C238451 /* LexJoltApp */,
			);
			productName = LexJoltWatch;
			productReference = 306FEAA3FC3F06C3AD200061 /* LexJoltWatch.app */;
			productType = "com.apple.product-type.application";
		};
		D869D22F429634C1F1DF05E7 /* LexJoltiOS */ = {
			isa = PBXNativeTarget;
			buildConfigurationList = BC6FFA4641A9BACB0FE2F30C /* Build configuration list for PBXNativeTarget "LexJoltiOS" */;
			buildPhases = (
				934140AA447D841E3243FC62 /* Sources */,
				CCB0E5441FE03C09F2A94FF6 /* Resources */,
				47BE96BF4011038257CCAE83 /* Frameworks */,
			);
			buildRules = (
			);
			dependencies = (
			);
			name = LexJoltiOS;
			packageProductDependencies = (
				0418536E1B3FCF01CEF2B6D4 /* LexJoltApp */,
			);
			productName = LexJoltiOS;
			productReference = E2F1B4556662E0EFC77BF582 /* LexJoltiOS.app */;
			productType = "com.apple.product-type.application";
		};
/* End PBXNativeTarget section */

/* Begin PBXProject section */
		0C330FDAC60EBC203D64E70D /* Project object */ = {
			isa = PBXProject;
			attributes = {
				BuildIndependentTargetsInParallel = YES;
				LastUpgradeCheck = 1430;
				TargetAttributes = {
				};
			};
			buildConfigurationList = 7E3FEC16FBDB7F0E972E7CD2 /* Build configuration list for PBXProject "LexJoltiOS" */;
			developmentRegion = en;
			hasScannedForEncodings = 0;
			knownRegions = (
				Base,
				en,
			);
			mainGroup = 1AAAEC7033C88F5E1E923619;
			minimizedProjectReferenceProxies = 1;
			packageReferences = (
				DD16626BDC40EFB1BF9F7382 /* XCLocalSwiftPackageReference "../LexJoltApp" */,
			);
			preferredProjectObjectVersion = 77;
			productRefGroup = C74A586A117D59351BE598AE /* Products */;
			projectDirPath = "";
			projectRoot = "";
			targets = (
				4DF749CB8389802CD2742923 /* LexJoltMac */,
				76BB905EA9D79D001138BDBF /* LexJoltTV */,
				492094950F1FBE3A6A6C02CA /* LexJoltVision */,
				78EDD167E234BFD9F066464E /* LexJoltWatch */,
				D869D22F429634C1F1DF05E7 /* LexJoltiOS */,
			);
		};
/* End PBXProject section */

/* Begin PBXResourcesBuildPhase section */
		CCB0E5441FE03C09F2A94FF6 /* Resources */ = {
			isa = PBXResourcesBuildPhase;
			buildActionMask = 2147483647;
			files = (
				E701E178A25FE1D424F84566 /* PrivacyInfo.xcprivacy in Resources */,
			);
			runOnlyForDeploymentPostprocessing = 0;
		};
/* End PBXResourcesBuildPhase section */

/* Begin PBXSourcesBuildPhase section */
		647C07D847D4B3FFFE6FAEC5 /* Sources */ = {
			isa = PBXSourcesBuildPhase;
			buildActionMask = 2147483647;
			files = (
				29D5ED2801A9FF432C60A1D0 /* LexJoltTVApp.swift in Sources */,
			);
			runOnlyForDeploymentPostprocessing = 0;
		};
		8AEC207BFFBBD0E51E35BD3A /* Sources */ = {
			isa = PBXSourcesBuildPhase;
			buildActionMask = 2147483647;
			files = (
				7E540AB6E6B5E06E84093CEC /* LexJoltMacApp.swift in Sources */,
			);
			runOnlyForDeploymentPostprocessing = 0;
		};
		934140AA447D841E3243FC62 /* Sources */ = {
			isa = PBXSourcesBuildPhase;
			buildActionMask = 2147483647;
			files = (
				A1C7BF330E1D7C25F46390F8 /* LexJoltiOSApp.swift in Sources */,
			);
			runOnlyForDeploymentPostprocessing = 0;
		};
		D0330ECBF955C558AD33F364 /* Sources */ = {
			isa = PBXSourcesBuildPhase;
			buildActionMask = 2147483647;
			files = (
				9E3090442199510C80CA0E3A /* LexJoltWatchApp.swift in Sources */,
			);
			runOnlyForDeploymentPostprocessing = 0;
		};
		E21FC72756C8EE54488CF792 /* Sources */ = {
			isa = PBXSourcesBuildPhase;
			buildActionMask = 2147483647;
			files = (
				1AB0575C57BE23F732337249 /* LexJoltVisionApp.swift in Sources */,
			);
			runOnlyForDeploymentPostprocessing = 0;
		};
/* End PBXSourcesBuildPhase section */

/* Begin XCBuildConfiguration section */
		1D0F6503375D12D6189B0861 /* Release */ = {
			isa = XCBuildConfiguration;
			buildSettings = {
				ASSETCATALOG_COMPILER_APPICON_NAME = "App Icon & Top Shelf Image";
				ASSETCATALOG_COMPILER_LAUNCHIMAGE_NAME = LaunchImage;
				CODE_SIGNING_ALLOWED = NO;
				CURRENT_PROJECT_VERSION = 1;
				GENERATE_INFOPLIST_FILE = YES;
				INFOPLIST_KEY_CFBundleDisplayName = LexJolt;
				INFOPLIST_KEY_UILaunchScreen_Generation = YES;
				LD_RUNPATH_SEARCH_PATHS = (
					"$(inherited)",
					"@executable_path/Frameworks",
				);
				MARKETING_VERSION = 1.0;
				PRODUCT_BUNDLE_IDENTIFIER = com.lexjolt.app.tv;
				PRODUCT_NAME = LexJolt;
				SDKROOT = appletvos;
				TARGETED_DEVICE_FAMILY = 3;
			};
			name = Release;
		};
		37583389593D64436C376EA2 /* Release */ = {
			isa = XCBuildConfiguration;
			buildSettings = {
				ASSETCATALOG_COMPILER_APPICON_NAME = AppIcon;
				CODE_SIGNING_ALLOWED = NO;
				CURRENT_PROJECT_VERSION = 1;
				GENERATE_INFOPLIST_FILE = YES;
				INFOPLIST_KEY_CFBundleDisplayName = LexJolt;
				MARKETING_VERSION = 1.0;
				PRODUCT_BUNDLE_IDENTIFIER = com.lexjolt.app.watch;
				PRODUCT_NAME = LexJolt;
				SDKROOT = watchos;
				SKIP_INSTALL = YES;
				TARGETED_DEVICE_FAMILY = 4;
			};
			name = Release;
		};
		4DD4DB1D52143CDFE9BF1FD1 /* Release */ = {
			isa = XCBuildConfiguration;
			buildSettings = {
				ASSETCATALOG_COMPILER_APPICON_NAME = AppIcon;
				CODE_SIGNING_ALLOWED = NO;
				COMBINE_HIDPI_IMAGES = YES;
				CURRENT_PROJECT_VERSION = 1;
				GENERATE_INFOPLIST_FILE = YES;
				INFOPLIST_KEY_CFBundleDisplayName = LexJolt;
				LD_RUNPATH_SEARCH_PATHS = (
					"$(inherited)",
					"@executable_path/../Frameworks",
				);
				MARKETING_VERSION = 1.0;
				PRODUCT_BUNDLE_IDENTIFIER = com.lexjolt.app.mac;
				PRODUCT_NAME = LexJolt;
				SDKROOT = macosx;
			};
			name = Release;
		};
		4E4903E10218C5C566898636 /* Release */ = {
			isa = XCBuildConfiguration;
			buildSettings = {
				ALWAYS_SEARCH_USER_PATHS = NO;
				CLANG_ANALYZER_NONNULL = YES;
				CLANG_ANALYZER_NUMBER_OBJECT_CONVERSION = YES_AGGRESSIVE;
				CLANG_CXX_LANGUAGE_STANDARD = "gnu++14";
				CLANG_CXX_LIBRARY = "libc++";
				CLANG_ENABLE_MODULES = YES;
				CLANG_ENABLE_OBJC_ARC = YES;
				CLANG_ENABLE_OBJC_WEAK = YES;
				CLANG_WARN_BLOCK_CAPTURE_AUTORELEASING = YES;
				CLANG_WARN_BOOL_CONVERSION = YES;
				CLANG_WARN_COMMA = YES;
				CLANG_WARN_CONSTANT_CONVERSION = YES;
				CLANG_WARN_DEPRECATED_OBJC_IMPLEMENTATIONS = YES;
				CLANG_WARN_DIRECT_OBJC_ISA_USAGE = YES_ERROR;
				CLANG_WARN_DOCUMENTATION_COMMENTS = YES;
				CLANG_WARN_EMPTY_BODY = YES;
				CLANG_WARN_ENUM_CONVERSION = YES;
				CLANG_WARN_INFINITE_RECURSION = YES;
				CLANG_WARN_INT_CONVERSION = YES;
				CLANG_WARN_NON_LITERAL_NULL_CONVERSION = YES;
				CLANG_WARN_OBJC_IMPLICIT_RETAIN_SELF = YES;
				CLANG_WARN_OBJC_LITERAL_CONVERSION = YES;
				CLANG_WARN_OBJC_ROOT_CLASS = YES_ERROR;
				CLANG_WARN_QUOTED_INCLUDE_IN_FRAMEWORK_HEADER = YES;
				CLANG_WARN_RANGE_LOOP_ANALYSIS = YES;
				CLANG_WARN_STRICT_PROTOTYPES = YES;
				CLANG_WARN_SUSPICIOUS_MOVE = YES;
				CLANG_WARN_UNGUARDED_AVAILABILITY = YES_AGGRESSIVE;
				CLANG_WARN_UNREACHABLE_CODE = YES;
				CLANG_WARN__DUPLICATE_METHOD_MATCH = YES;
				COPY_PHASE_STRIP = NO;
				DEBUG_INFORMATION_FORMAT = "dwarf-with-dsym";
				ENABLE_NS_ASSERTIONS = NO;
				ENABLE_STRICT_OBJC_MSGSEND = YES;
				GCC_C_LANGUAGE_STANDARD = gnu11;
				GCC_NO_COMMON_BLOCKS = YES;
				GCC_WARN_64_TO_32_BIT_CONVERSION = YES;
				GCC_WARN_ABOUT_RETURN_TYPE = YES_ERROR;
				GCC_WARN_UNDECLARED_SELECTOR = YES;
				GCC_WARN_UNINITIALIZED_AUTOS = YES_AGGRESSIVE;
				GCC_WARN_UNUSED_FUNCTION = YES;
				GCC_WARN_UNUSED_VARIABLE = YES;
				IPHONEOS_DEPLOYMENT_TARGET = 17.0;
				MACOSX_DEPLOYMENT_TARGET = 14.0;
				MTL_ENABLE_DEBUG_INFO = NO;
				MTL_FAST_MATH = YES;
				PRODUCT_NAME = "$(TARGET_NAME)";
				SWIFT_COMPILATION_MODE = wholemodule;
				SWIFT_OPTIMIZATION_LEVEL = "-O";
				SWIFT_VERSION = 5.0;
				TVOS_DEPLOYMENT_TARGET = 17.0;
				WATCHOS_DEPLOYMENT_TARGET = 10.0;
				XROS_DEPLOYMENT_TARGET = 1.0;
			};
			name = Release;
		};
		50033FFD03BAE224EC00F40B /* Debug */ = {
			isa = XCBuildConfiguration;
			buildSettings = {
				ALWAYS_SEARCH_USER_PATHS = NO;
				CLANG_ANALYZER_NONNULL = YES;
				CLANG_ANALYZER_NUMBER_OBJECT_CONVERSION = YES_AGGRESSIVE;
				CLANG_CXX_LANGUAGE_STANDARD = "gnu++14";
				CLANG_CXX_LIBRARY = "libc++";
				CLANG_ENABLE_MODULES = YES;
				CLANG_ENABLE_OBJC_ARC = YES;
				CLANG_ENABLE_OBJC_WEAK = YES;
				CLANG_WARN_BLOCK_CAPTURE_AUTORELEASING = YES;
				CLANG_WARN_BOOL_CONVERSION = YES;
				CLANG_WARN_COMMA = YES;
				CLANG_WARN_CONSTANT_CONVERSION = YES;
				CLANG_WARN_DEPRECATED_OBJC_IMPLEMENTATIONS = YES;
				CLANG_WARN_DIRECT_OBJC_ISA_USAGE = YES_ERROR;
				CLANG_WARN_DOCUMENTATION_COMMENTS = YES;
				CLANG_WARN_EMPTY_BODY = YES;
				CLANG_WARN_ENUM_CONVERSION = YES;
				CLANG_WARN_INFINITE_RECURSION = YES;
				CLANG_WARN_INT_CONVERSION = YES;
				CLANG_WARN_NON_LITERAL_NULL_CONVERSION = YES;
				CLANG_WARN_OBJC_IMPLICIT_RETAIN_SELF = YES;
				CLANG_WARN_OBJC_LITERAL_CONVERSION = YES;
				CLANG_WARN_OBJC_ROOT_CLASS = YES_ERROR;
				CLANG_WARN_QUOTED_INCLUDE_IN_FRAMEWORK_HEADER = YES;
				CLANG_WARN_RANGE_LOOP_ANALYSIS = YES;
				CLANG_WARN_STRICT_PROTOTYPES = YES;
				CLANG_WARN_SUSPICIOUS_MOVE = YES;
				CLANG_WARN_UNGUARDED_AVAILABILITY = YES_AGGRESSIVE;
				CLANG_WARN_UNREACHABLE_CODE = YES;
				CLANG_WARN__DUPLICATE_METHOD_MATCH = YES;
				COPY_PHASE_STRIP = NO;
				DEBUG_INFORMATION_FORMAT = dwarf;
				ENABLE_STRICT_OBJC_MSGSEND = YES;
				ENABLE_TESTABILITY = YES;
				GCC_C_LANGUAGE_STANDARD = gnu11;
				GCC_DYNAMIC_NO_PIC = NO;
				GCC_NO_COMMON_BLOCKS = YES;
				GCC_OPTIMIZATION_LEVEL = 0;
				GCC_PREPROCESSOR_DEFINITIONS = (
					"$(inherited)",
					"DEBUG=1",
				);
				GCC_WARN_64_TO_32_BIT_CONVERSION = YES;
				GCC_WARN_ABOUT_RETURN_TYPE = YES_ERROR;
				GCC_WARN_UNDECLARED_SELECTOR = YES;
				GCC_WARN_UNINITIALIZED_AUTOS = YES_AGGRESSIVE;
				GCC_WARN_UNUSED_FUNCTION = YES;
				GCC_WARN_UNUSED_VARIABLE = YES;
				IPHONEOS_DEPLOYMENT_TARGET = 17.0;
				MACOSX_DEPLOYMENT_TARGET = 14.0;
				MTL_ENABLE_DEBUG_INFO = INCLUDE_SOURCE;
				MTL_FAST_MATH = YES;
				ONLY_ACTIVE_ARCH = YES;
				PRODUCT_NAME = "$(TARGET_NAME)";
				SWIFT_ACTIVE_COMPILATION_CONDITIONS = DEBUG;
				SWIFT_OPTIMIZATION_LEVEL = "-Onone";
				SWIFT_VERSION = 5.0;
				TVOS_DEPLOYMENT_TARGET = 17.0;
				WATCHOS_DEPLOYMENT_TARGET = 10.0;
				XROS_DEPLOYMENT_TARGET = 1.0;
			};
			name = Debug;
		};
		9D27124A8C9CAF9B83A61CD7 /* Release */ = {
			isa = XCBuildConfiguration;
			buildSettings = {
				ASSETCATALOG_COMPILER_APPICON_NAME = AppIcon;
				CODE_SIGNING_STYLE = Automatic;
				CODE_SIGN_IDENTITY = "iPhone Developer";
				CURRENT_PROJECT_VERSION = 1;
				DEVELOPMENT_TEAM = 97ZA7QV77G;
				GENERATE_INFOPLIST_FILE = YES;
				INFOPLIST_KEY_CFBundleDisplayName = LexJolt;
				INFOPLIST_KEY_LSApplicationCategoryType = "public.app-category.word-games";
				INFOPLIST_KEY_UIApplicationSceneManifest_Generation = YES;
				INFOPLIST_KEY_UIApplicationSupportsIndirectInputEvents = YES;
				INFOPLIST_KEY_UISupportedInterfaceOrientations_iPad = "UIInterfaceOrientationPortrait UIInterfaceOrientationPortraitUpsideDown UIInterfaceOrientationLandscapeLeft UIInterfaceOrientationLandscapeRight";
				INFOPLIST_KEY_UISupportedInterfaceOrientations_iPhone = "UIInterfaceOrientationPortrait UIInterfaceOrientationLandscapeLeft UIInterfaceOrientationLandscapeRight";
				INFOPLIST_KEY_UILaunchScreen_Generation = YES;
				LD_RUNPATH_SEARCH_PATHS = (
					"$(inherited)",
					"@executable_path/Frameworks",
				);
				MARKETING_VERSION = 1.0;
				PRODUCT_BUNDLE_IDENTIFIER = com.lexjolt.app;
				PRODUCT_NAME = LexJolt;
				SDKROOT = iphoneos;
				SUPPORTS_MACCATALYST = NO;
				TARGETED_DEVICE_FAMILY = "1,2";
			};
			name = Release;
		};
		B75A3F1978E4EA2B9CBDEC3B /* Debug */ = {
			isa = XCBuildConfiguration;
			buildSettings = {
				ASSETCATALOG_COMPILER_APPICON_NAME = AppIcon;
				CODE_SIGNING_ALLOWED = NO;
				CURRENT_PROJECT_VERSION = 1;
				GENERATE_INFOPLIST_FILE = YES;
				INFOPLIST_KEY_CFBundleDisplayName = LexJolt;
				LD_RUNPATH_SEARCH_PATHS = (
					"$(inherited)",
					"@executable_path/Frameworks",
				);
				MARKETING_VERSION = 1.0;
				PRODUCT_BUNDLE_IDENTIFIER = com.lexjolt.app.vision;
				PRODUCT_NAME = LexJolt;
				SDKROOT = xros;
				TARGETED_DEVICE_FAMILY = 7;
			};
			name = Debug;
		};
		D3EA8C2C2CB46F1A7A1E3230 /* Release */ = {
			isa = XCBuildConfiguration;
			buildSettings = {
				ASSETCATALOG_COMPILER_APPICON_NAME = AppIcon;
				CODE_SIGNING_ALLOWED = NO;
				CURRENT_PROJECT_VERSION = 1;
				GENERATE_INFOPLIST_FILE = YES;
				INFOPLIST_KEY_CFBundleDisplayName = LexJolt;
				LD_RUNPATH_SEARCH_PATHS = (
					"$(inherited)",
					"@executable_path/Frameworks",
				);
				MARKETING_VERSION = 1.0;
				PRODUCT_BUNDLE_IDENTIFIER = com.lexjolt.app.vision;
				PRODUCT_NAME = LexJolt;
				SDKROOT = xros;
				TARGETED_DEVICE_FAMILY = 7;
			};
			name = Release;
		};
		D5A9E429C31AA4B0064B5BA3 /* Debug */ = {
			isa = XCBuildConfiguration;
			buildSettings = {
				ASSETCATALOG_COMPILER_APPICON_NAME = AppIcon;
				CODE_SIGNING_ALLOWED = NO;
				CODE_SIGN_IDENTITY = "iPhone Developer";
				CURRENT_PROJECT_VERSION = 1;
				GENERATE_INFOPLIST_FILE = YES;
				INFOPLIST_KEY_CFBundleDisplayName = LexJolt;
				INFOPLIST_KEY_LSApplicationCategoryType = "public.app-category.word-games";
				INFOPLIST_KEY_UIApplicationSceneManifest_Generation = YES;
				INFOPLIST_KEY_UIApplicationSupportsIndirectInputEvents = YES;
				INFOPLIST_KEY_UISupportedInterfaceOrientations_iPad = "UIInterfaceOrientationPortrait UIInterfaceOrientationPortraitUpsideDown UIInterfaceOrientationLandscapeLeft UIInterfaceOrientationLandscapeRight";
				INFOPLIST_KEY_UISupportedInterfaceOrientations_iPhone = "UIInterfaceOrientationPortrait UIInterfaceOrientationLandscapeLeft UIInterfaceOrientationLandscapeRight";
				INFOPLIST_KEY_UILaunchScreen_Generation = YES;
				LD_RUNPATH_SEARCH_PATHS = (
					"$(inherited)",
					"@executable_path/Frameworks",
				);
				MARKETING_VERSION = 1.0;
				PRODUCT_BUNDLE_IDENTIFIER = com.lexjolt.app;
				PRODUCT_NAME = LexJolt;
				SDKROOT = iphoneos;
				SUPPORTS_MACCATALYST = NO;
				TARGETED_DEVICE_FAMILY = "1,2";
			};
			name = Debug;
		};
		E379E1B1B1A6408B11303D32 /* Debug */ = {
			isa = XCBuildConfiguration;
			buildSettings = {
				ASSETCATALOG_COMPILER_APPICON_NAME = AppIcon;
				CODE_SIGNING_ALLOWED = NO;
				COMBINE_HIDPI_IMAGES = YES;
				CURRENT_PROJECT_VERSION = 1;
				GENERATE_INFOPLIST_FILE = YES;
				INFOPLIST_KEY_CFBundleDisplayName = LexJolt;
				LD_RUNPATH_SEARCH_PATHS = (
					"$(inherited)",
					"@executable_path/../Frameworks",
				);
				MARKETING_VERSION = 1.0;
				PRODUCT_BUNDLE_IDENTIFIER = com.lexjolt.app.mac;
				PRODUCT_NAME = LexJolt;
				SDKROOT = macosx;
			};
			name = Debug;
		};
		EA96D4A263E63B8AE43FCC73 /* Debug */ = {
			isa = XCBuildConfiguration;
			buildSettings = {
				ASSETCATALOG_COMPILER_APPICON_NAME = "App Icon & Top Shelf Image";
				ASSETCATALOG_COMPILER_LAUNCHIMAGE_NAME = LaunchImage;
				CODE_SIGNING_ALLOWED = NO;
				CURRENT_PROJECT_VERSION = 1;
				GENERATE_INFOPLIST_FILE = YES;
				INFOPLIST_KEY_CFBundleDisplayName = LexJolt;
				INFOPLIST_KEY_UILaunchScreen_Generation = YES;
				LD_RUNPATH_SEARCH_PATHS = (
					"$(inherited)",
					"@executable_path/Frameworks",
				);
				MARKETING_VERSION = 1.0;
				PRODUCT_BUNDLE_IDENTIFIER = com.lexjolt.app.tv;
				PRODUCT_NAME = LexJolt;
				SDKROOT = appletvos;
				TARGETED_DEVICE_FAMILY = 3;
			};
			name = Debug;
		};
		F197FC3D19E7F122EE39014E /* Debug */ = {
			isa = XCBuildConfiguration;
			buildSettings = {
				ASSETCATALOG_COMPILER_APPICON_NAME = AppIcon;
				CODE_SIGNING_ALLOWED = NO;
				CURRENT_PROJECT_VERSION = 1;
				GENERATE_INFOPLIST_FILE = YES;
				INFOPLIST_KEY_CFBundleDisplayName = LexJolt;
				MARKETING_VERSION = 1.0;
				PRODUCT_BUNDLE_IDENTIFIER = com.lexjolt.app.watch;
				PRODUCT_NAME = LexJolt;
				SDKROOT = watchos;
				SKIP_INSTALL = YES;
				TARGETED_DEVICE_FAMILY = 4;
			};
			name = Debug;
		};
/* End XCBuildConfiguration section */

/* Begin XCConfigurationList section */
		0A95BDA6338A6EC39AE09302 /* Build configuration list for PBXNativeTarget "LexJoltWatch" */ = {
			isa = XCConfigurationList;
			buildConfigurations = (
				F197FC3D19E7F122EE39014E /* Debug */,
				37583389593D64436C376EA2 /* Release */,
			);
			defaultConfigurationIsVisible = 0;
			defaultConfigurationName = Debug;
		};
		0F1F6402019BBE594FD6567F /* Build configuration list for PBXNativeTarget "LexJoltVision" */ = {
			isa = XCConfigurationList;
			buildConfigurations = (
				B75A3F1978E4EA2B9CBDEC3B /* Debug */,
				D3EA8C2C2CB46F1A7A1E3230 /* Release */,
			);
			defaultConfigurationIsVisible = 0;
			defaultConfigurationName = Debug;
		};
		4518A90601F0D3A7E98E2ECB /* Build configuration list for PBXNativeTarget "LexJoltMac" */ = {
			isa = XCConfigurationList;
			buildConfigurations = (
				E379E1B1B1A6408B11303D32 /* Debug */,
				4DD4DB1D52143CDFE9BF1FD1 /* Release */,
			);
			defaultConfigurationIsVisible = 0;
			defaultConfigurationName = Debug;
		};
		7E3FEC16FBDB7F0E972E7CD2 /* Build configuration list for PBXProject "LexJoltiOS" */ = {
			isa = XCConfigurationList;
			buildConfigurations = (
				50033FFD03BAE224EC00F40B /* Debug */,
				4E4903E10218C5C566898636 /* Release */,
			);
			defaultConfigurationIsVisible = 0;
			defaultConfigurationName = Debug;
		};
		AFE4599F81D78FE77DFFC3A7 /* Build configuration list for PBXNativeTarget "LexJoltTV" */ = {
			isa = XCConfigurationList;
			buildConfigurations = (
				EA96D4A263E63B8AE43FCC73 /* Debug */,
				1D0F6503375D12D6189B0861 /* Release */,
			);
			defaultConfigurationIsVisible = 0;
			defaultConfigurationName = Debug;
		};
		BC6FFA4641A9BACB0FE2F30C /* Build configuration list for PBXNativeTarget "LexJoltiOS" */ = {
			isa = XCConfigurationList;
			buildConfigurations = (
				D5A9E429C31AA4B0064B5BA3 /* Debug */,
				9D27124A8C9CAF9B83A61CD7 /* Release */,
			);
			defaultConfigurationIsVisible = 0;
			defaultConfigurationName = Debug;
		};
/* End XCConfigurationList section */

/* Begin XCLocalSwiftPackageReference section */
		DD16626BDC40EFB1BF9F7382 /* XCLocalSwiftPackageReference "../LexJoltApp" */ = {
			isa = XCLocalSwiftPackageReference;
			relativePath = ../LexJoltApp;
		};
/* End XCLocalSwiftPackageReference section */

/* Begin XCSwiftPackageProductDependency section */
		02F7ACF2D8F91A8F7AD4A8E2 /* LexJoltApp */ = {
			isa = XCSwiftPackageProductDependency;
			productName = LexJoltApp;
		};
		0418536E1B3FCF01CEF2B6D4 /* LexJoltApp */ = {
			isa = XCSwiftPackageProductDependency;
			productName = LexJoltApp;
		};
		59F8DB9E773E72C3E044629B /* LexJoltApp */ = {
			isa = XCSwiftPackageProductDependency;
			productName = LexJoltApp;
		};
		B76C1A72D191B3881C238451 /* LexJoltApp */ = {
			isa = XCSwiftPackageProductDependency;
			productName = LexJoltApp;
		};
		B8C22A401596D4825B1DFF0F /* LexJoltApp */ = {
			isa = XCSwiftPackageProductDependency;
			productName = LexJoltApp;
		};
/* End XCSwiftPackageProductDependency section */
	};
	rootObject = 0C330FDAC60EBC203D64E70D /* Project object */;
}
